// !$*UTF8*$!
{
	archiveVersion = 1;
	classes = {
	};
	objectVersion = 46;
	objects = {

/* Begin PBXBuildFile section */
		450B02EC1527186000923B35 /* SKOperator.h in Headers */ = {isa = PBXBuildFile; fileRef = 450B02EA1527186000923B35 /* SKOperator.h */; };
		450B02F11527193100923B35 /* SKCondition.h in Headers */ = {isa = PBXBuildFile; fileRef = 450B02EF1527193100923B35 /* SKCondition.h */; };
		450B02F21527193100923B35 /* SKCondition.m in Sources */ = {isa = PBXBuildFile; fileRef = 450B02F01527193100923B35 /* SKCondition.m */; };
		45151ECF14F1129300F021AC /* Foundation.framework in Frameworks */ = {isa = PBXBuildFile; fileRef = 45151ECE14F1129300F021AC /* Foundation.framework */; };
		45151EDD14F1129300F021AC /* SenTestingKit.framework in Frameworks */ = {isa = PBXBuildFile; fileRef = 45151EDC14F1129300F021AC /* SenTestingKit.framework */; };
		45151EDF14F1129300F021AC /* UIKit.framework in Frameworks */ = {isa = PBXBuildFile; fileRef = 45151EDE14F1129300F021AC /* UIKit.framework */; };
		45151EE014F1129300F021AC /* Foundation.framework in Frameworks */ = {isa = PBXBuildFile; fileRef = 45151ECE14F1129300F021AC /* Foundation.framework */; };
		45151EE314F1129300F021AC /* libSynchroKit.a in Frameworks */ = {isa = PBXBuildFile; fileRef = 45151ECB14F1129300F021AC /* libSynchroKit.a */; };
		45151EE914F1129300F021AC /* InfoPlist.strings in Resources */ = {isa = PBXBuildFile; fileRef = 45151EE714F1129300F021AC /* InfoPlist.strings */; };
		45151EEC14F1129300F021AC /* SynchroKitTests.m in Sources */ = {isa = PBXBuildFile; fileRef = 45151EEB14F1129300F021AC /* SynchroKitTests.m */; };
		45151EF714F115CC00F021AC /* SKObjectDescriptor.h in Headers */ = {isa = PBXBuildFile; fileRef = 45151EF514F115CC00F021AC /* SKObjectDescriptor.h */; };
		45151EF814F115CC00F021AC /* SKObjectDescriptor.m in Sources */ = {isa = PBXBuildFile; fileRef = 45151EF614F115CC00F021AC /* SKObjectDescriptor.m */; };
		45151F0914F11AC400F021AC /* SKDataDownloader.h in Headers */ = {isa = PBXBuildFile; fileRef = 45151F0714F11AC400F021AC /* SKDataDownloader.h */; };
		45151F0A14F11AC400F021AC /* SKDataDownloader.m in Sources */ = {isa = PBXBuildFile; fileRef = 45151F0814F11AC400F021AC /* SKDataDownloader.m */; };
		45151F1114F11CD700F021AC /* SKDataDownloaderTest.h in Headers */ = {isa = PBXBuildFile; fileRef = 45151F0F14F11CD700F021AC /* SKDataDownloaderTest.h */; };
		45151F1314F11E5900F021AC /* SKDataDownloaderTest.m in Sources */ = {isa = PBXBuildFile; fileRef = 45151F1014F11CD700F021AC /* SKDataDownloaderTest.m */; };
		451524EE14FC0CB00068971B /* SKObjectConfiguration.h in Headers */ = {isa = PBXBuildFile; fileRef = 451524EC14FC0CB00068971B /* SKObjectConfiguration.h */; };
		451524EF14FC0CB00068971B /* SKObjectConfiguration.m in Sources */ = {isa = PBXBuildFile; fileRef = 451524ED14FC0CB00068971B /* SKObjectConfiguration.m */; };
		452583D814F9087B008371F0 /* SKSynchronizationStrategy.h in Headers */ = {isa = PBXBuildFile; fileRef = 452583D714F9087B008371F0 /* SKSynchronizationStrategy.h */; };
		4536AFD71504B7BE00E5AD7E /* UpdateDateProtocol.h in Headers */ = {isa = PBXBuildFile; fileRef = 4536AFD61504B7BE00E5AD7E /* UpdateDateProtocol.h */; };
		45660BC814F8EBCE003858E6 /* SKObjectManager.h in Headers */ = {isa = PBXBuildFile; fileRef = 45660BC614F8EBCE003858E6 /* SKObjectManager.h */; };
		45660BC914F8EBCE003858E6 /* SKObjectManager.m in Sources */ = {isa = PBXBuildFile; fileRef = 45660BC714F8EBCE003858E6 /* SKObjectManager.m */; };
		45660BD114F8EDD1003858E6 /* SKDataLoader.h in Headers */ = {isa = PBXBuildFile; fileRef = 45660BCF14F8EDD1003858E6 /* SKDataLoader.h */; };
		45660BD214F8EDD1003858E6 /* SKDataLoader.m in Sources */ = {isa = PBXBuildFile; fileRef = 45660BD014F8EDD1003858E6 /* SKDataLoader.m */; };
		45660BD514F8F062003858E6 /* SKObjectManagerTests.h in Headers */ = {isa = PBXBuildFile; fileRef = 45660BD314F8F061003858E6 /* SKObjectManagerTests.h */; };
		45660BD714F8F077003858E6 /* SKObjectManagerTests.m in Sources */ = {isa = PBXBuildFile; fileRef = 45660BD414F8F061003858E6 /* SKObjectManagerTests.m */; };
		457BC469153AC4EC00B547A2 /* SKObjectLoaderMultipleDelegate.h in Headers */ = {isa = PBXBuildFile; fileRef = 457BC467153AC4EC00B547A2 /* SKObjectLoaderMultipleDelegate.h */; };
		457BC46A153AC4EC00B547A2 /* SKObjectLoaderMultipleDelegate.m in Sources */ = {isa = PBXBuildFile; fileRef = 457BC468153AC4EC00B547A2 /* SKObjectLoaderMultipleDelegate.m */; };
		4586FE73150DE50B00BDBA5D /* SKSweeper.h in Headers */ = {isa = PBXBuildFile; fileRef = 4586FE71150DE50B00BDBA5D /* SKSweeper.h */; };
		4586FE74150DE50B00BDBA5D /* SKSweeper.m in Sources */ = {isa = PBXBuildFile; fileRef = 4586FE72150DE50B00BDBA5D /* SKSweeper.m */; };
		4586FE78150DF39600BDBA5D /* SKSweepConfiguration.h in Headers */ = {isa = PBXBuildFile; fileRef = 4586FE76150DF39600BDBA5D /* SKSweepConfiguration.h */; };
		4586FE79150DF39600BDBA5D /* SKSweepConfiguration.m in Sources */ = {isa = PBXBuildFile; fileRef = 4586FE77150DF39600BDBA5D /* SKSweepConfiguration.m */; };
		45D532E71514976100FC1921 /* SKObjectDescriptorsSearcher.h in Headers */ = {isa = PBXBuildFile; fileRef = 45D532E51514976100FC1921 /* SKObjectDescriptorsSearcher.h */; };
		45D532E81514976100FC1921 /* SKObjectDescriptorsSearcher.m in Sources */ = {isa = PBXBuildFile; fileRef = 45D532E61514976100FC1921 /* SKObjectDescriptorsSearcher.m */; };
		45F0AD5E155284F700B58D11 /* SKUploader.h in Headers */ = {isa = PBXBuildFile; fileRef = 45F0AD5C155284F600B58D11 /* SKUploader.h */; };
		45F0AD5F155284F700B58D11 /* SKUploader.m in Sources */ = {isa = PBXBuildFile; fileRef = 45F0AD5D155284F600B58D11 /* SKUploader.m */; };
/* End PBXBuildFile section */

/* Begin PBXContainerItemProxy section */
		45151EE114F1129300F021AC /* PBXContainerItemProxy */ = {
			isa = PBXContainerItemProxy;
			containerPortal = 45151EC214F1129300F021AC /* Project object */;
			proxyType = 1;
			remoteGlobalIDString = 45151ECA14F1129300F021AC;
			remoteInfo = SynchroKit;
		};
/* End PBXContainerItemProxy section */

/* Begin PBXFileReference section */
		450B02EA1527186000923B35 /* SKOperator.h */ = {isa = PBXFileReference; fileEncoding = 4; lastKnownFileType = sourcecode.c.h; name = SKOperator.h; path = Model/SKOperator.h; sourceTree = "<group>"; };
		450B02EF1527193100923B35 /* SKCondition.h */ = {isa = PBXFileReference; fileEncoding = 4; lastKnownFileType = sourcecode.c.h; name = SKCondition.h; path = Model/SKCondition.h; sourceTree = "<group>"; };
		450B02F01527193100923B35 /* SKCondition.m */ = {isa = PBXFileReference; fileEncoding = 4; lastKnownFileType = sourcecode.c.objc; name = SKCondition.m; path = Model/SKCondition.m; sourceTree = "<group>"; };
		45151ECB14F1129300F021AC /* libSynchroKit.a */ = {isa = PBXFileReference; explicitFileType = archive.ar; includeInIndex = 0; path = libSynchroKit.a; sourceTree = BUILT_PRODUCTS_DIR; };
		45151ECE14F1129300F021AC /* Foundation.framework */ = {isa = PBXFileReference; lastKnownFileType = wrapper.framework; name = Foundation.framework; path = System/Library/Frameworks/Foundation.framework; sourceTree = SDKROOT; };
		45151ED214F1129300F021AC /* SynchroKit-Prefix.pch */ = {isa = PBXFileReference; lastKnownFileType = sourcecode.c.h; path = "SynchroKit-Prefix.pch"; sourceTree = "<group>"; };
		45151ED314F1129300F021AC /* SynchroKit.h */ = {isa = PBXFileReference; lastKnownFileType = sourcecode.c.h; path = SynchroKit.h; sourceTree = "<group>"; };
		45151EDB14F1129300F021AC /* SynchroKitTests.octest */ = {isa = PBXFileReference; explicitFileType = wrapper.cfbundle; includeInIndex = 0; path = SynchroKitTests.octest; sourceTree = BUILT_PRODUCTS_DIR; };
		45151EDC14F1129300F021AC /* SenTestingKit.framework */ = {isa = PBXFileReference; lastKnownFileType = wrapper.framework; name = SenTestingKit.framework; path = Library/Frameworks/SenTestingKit.framework; sourceTree = DEVELOPER_DIR; };
		45151EDE14F1129300F021AC /* UIKit.framework */ = {isa = PBXFileReference; lastKnownFileType = wrapper.framework; name = UIKit.framework; path = Library/Frameworks/UIKit.framework; sourceTree = DEVELOPER_DIR; };
		45151EE614F1129300F021AC /* SynchroKitTests-Info.plist */ = {isa = PBXFileReference; lastKnownFileType = text.plist.xml; path = "SynchroKitTests-Info.plist"; sourceTree = "<group>"; };
		45151EE814F1129300F021AC /* en */ = {isa = PBXFileReference; lastKnownFileType = text.plist.strings; name = en; path = en.lproj/InfoPlist.strings; sourceTree = "<group>"; };
		45151EEA14F1129300F021AC /* SynchroKitTests.h */ = {isa = PBXFileReference; lastKnownFileType = sourcecode.c.h; path = SynchroKitTests.h; sourceTree = "<group>"; };
		45151EEB14F1129300F021AC /* SynchroKitTests.m */ = {isa = PBXFileReference; lastKnownFileType = sourcecode.c.objc; path = SynchroKitTests.m; sourceTree = "<group>"; };
		45151EF514F115CC00F021AC /* SKObjectDescriptor.h */ = {isa = PBXFileReference; fileEncoding = 4; lastKnownFileType = sourcecode.c.h; name = SKObjectDescriptor.h; path = Model/SKObjectDescriptor.h; sourceTree = "<group>"; };
		45151EF614F115CC00F021AC /* SKObjectDescriptor.m */ = {isa = PBXFileReference; fileEncoding = 4; lastKnownFileType = sourcecode.c.objc; name = SKObjectDescriptor.m; path = Model/SKObjectDescriptor.m; sourceTree = "<group>"; };
		45151F0714F11AC400F021AC /* SKDataDownloader.h */ = {isa = PBXFileReference; fileEncoding = 4; lastKnownFileType = sourcecode.c.h; name = SKDataDownloader.h; path = Worker/SKDataDownloader.h; sourceTree = "<group>"; };
		45151F0814F11AC400F021AC /* SKDataDownloader.m */ = {isa = PBXFileReference; fileEncoding = 4; lastKnownFileType = sourcecode.c.objc; name = SKDataDownloader.m; path = Worker/SKDataDownloader.m; sourceTree = "<group>"; };
		45151F0F14F11CD700F021AC /* SKDataDownloaderTest.h */ = {isa = PBXFileReference; fileEncoding = 4; lastKnownFileType = sourcecode.c.h; path = SKDataDownloaderTest.h; sourceTree = "<group>"; };
		45151F1014F11CD700F021AC /* SKDataDownloaderTest.m */ = {isa = PBXFileReference; fileEncoding = 4; lastKnownFileType = sourcecode.c.objc; path = SKDataDownloaderTest.m; sourceTree = "<group>"; };
		451524EC14FC0CB00068971B /* SKObjectConfiguration.h */ = {isa = PBXFileReference; fileEncoding = 4; lastKnownFileType = sourcecode.c.h; name = SKObjectConfiguration.h; path = Model/SKObjectConfiguration.h; sourceTree = "<group>"; };
		451524ED14FC0CB00068971B /* SKObjectConfiguration.m */ = {isa = PBXFileReference; fileEncoding = 4; lastKnownFileType = sourcecode.c.objc; name = SKObjectConfiguration.m; path = Model/SKObjectConfiguration.m; sourceTree = "<group>"; };
		452583D714F9087B008371F0 /* SKSynchronizationStrategy.h */ = {isa = PBXFileReference; fileEncoding = 4; lastKnownFileType = sourcecode.c.h; name = SKSynchronizationStrategy.h; path = Model/SKSynchronizationStrategy.h; sourceTree = "<group>"; };
		4536AFD61504B7BE00E5AD7E /* UpdateDateProtocol.h */ = {isa = PBXFileReference; fileEncoding = 4; lastKnownFileType = sourcecode.c.h; name = UpdateDateProtocol.h; path = Protocol/UpdateDateProtocol.h; sourceTree = "<group>"; };
		45660BC614F8EBCE003858E6 /* SKObjectManager.h */ = {isa = PBXFileReference; fileEncoding = 4; lastKnownFileType = sourcecode.c.h; path = SKObjectManager.h; sourceTree = "<group>"; };
		45660BC714F8EBCE003858E6 /* SKObjectManager.m */ = {isa = PBXFileReference; fileEncoding = 4; lastKnownFileType = sourcecode.c.objc; path = SKObjectManager.m; sourceTree = "<group>"; };
		45660BCF14F8EDD1003858E6 /* SKDataLoader.h */ = {isa = PBXFileReference; fileEncoding = 4; lastKnownFileType = sourcecode.c.h; name = SKDataLoader.h; path = Worker/SKDataLoader.h; sourceTree = "<group>"; };
		45660BD014F8EDD1003858E6 /* SKDataLoader.m */ = {isa = PBXFileReference; fileEncoding = 4; lastKnownFileType = sourcecode.c.objc; name = SKDataLoader.m; path = Worker/SKDataLoader.m; sourceTree = "<group>"; };
		45660BD314F8F061003858E6 /* SKObjectManagerTests.h */ = {isa = PBXFileReference; fileEncoding = 4; lastKnownFileType = sourcecode.c.h; path = SKObjectManagerTests.h; sourceTree = "<group>"; };
		45660BD414F8F061003858E6 /* SKObjectManagerTests.m */ = {isa = PBXFileReference; fileEncoding = 4; lastKnownFileType = sourcecode.c.objc; path = SKObjectManagerTests.m; sourceTree = "<group>"; };
		457BC467153AC4EC00B547A2 /* SKObjectLoaderMultipleDelegate.h */ = {isa = PBXFileReference; fileEncoding = 4; lastKnownFileType = sourcecode.c.h; name = SKObjectLoaderMultipleDelegate.h; path = Delegate/SKObjectLoaderMultipleDelegate.h; sourceTree = "<group>"; };
		457BC468153AC4EC00B547A2 /* SKObjectLoaderMultipleDelegate.m */ = {isa = PBXFileReference; fileEncoding = 4; lastKnownFileType = sourcecode.c.objc; name = SKObjectLoaderMultipleDelegate.m; path = Delegate/SKObjectLoaderMultipleDelegate.m; sourceTree = "<group>"; };
		4586FE71150DE50B00BDBA5D /* SKSweeper.h */ = {isa = PBXFileReference; fileEncoding = 4; lastKnownFileType = sourcecode.c.h; name = SKSweeper.h; path = Worker/SKSweeper.h; sourceTree = "<group>"; };
		4586FE72150DE50B00BDBA5D /* SKSweeper.m */ = {isa = PBXFileReference; fileEncoding = 4; lastKnownFileType = sourcecode.c.objc; name = SKSweeper.m; path = Worker/SKSweeper.m; sourceTree = "<group>"; };
		4586FE76150DF39600BDBA5D /* SKSweepConfiguration.h */ = {isa = PBXFileReference; fileEncoding = 4; lastKnownFileType = sourcecode.c.h; name = SKSweepConfiguration.h; path = Model/SKSweepConfiguration.h; sourceTree = "<group>"; };
		4586FE77150DF39600BDBA5D /* SKSweepConfiguration.m */ = {isa = PBXFileReference; fileEncoding = 4; lastKnownFileType = sourcecode.c.objc; name = SKSweepConfiguration.m; path = Model/SKSweepConfiguration.m; sourceTree = "<group>"; };
		45C47C141544627200AD28E2 /* libRestKit.a */ = {isa = PBXFileReference; lastKnownFileType = archive.ar; name = libRestKit.a; path = "/Users/kamilburczyk/Projekty/SynchroKitTester/RestKit/build/Release-iphoneos/libRestKit.a"; sourceTree = "<absolute>"; };
		45D532E315148B0B00FC1921 /* SKSweepingStrategy.h */ = {isa = PBXFileReference; lastKnownFileType = sourcecode.c.h; name = SKSweepingStrategy.h; path = Enum/SKSweepingStrategy.h; sourceTree = "<group>"; };
		45D532E51514976100FC1921 /* SKObjectDescriptorsSearcher.h */ = {isa = PBXFileReference; fileEncoding = 4; lastKnownFileType = sourcecode.c.h; name = SKObjectDescriptorsSearcher.h; path = Util/SKObjectDescriptorsSearcher.h; sourceTree = "<group>"; };
		45D532E61514976100FC1921 /* SKObjectDescriptorsSearcher.m */ = {isa = PBXFileReference; fileEncoding = 4; lastKnownFileType = sourcecode.c.objc; name = SKObjectDescriptorsSearcher.m; path = Util/SKObjectDescriptorsSearcher.m; sourceTree = "<group>"; };
		45F0AD5C155284F600B58D11 /* SKUploader.h */ = {isa = PBXFileReference; fileEncoding = 4; lastKnownFileType = sourcecode.c.h; name = SKUploader.h; path = Worker/SKUploader.h; sourceTree = "<group>"; };
		45F0AD5D155284F600B58D11 /* SKUploader.m */ = {isa = PBXFileReference; fileEncoding = 4; lastKnownFileType = sourcecode.c.objc; name = SKUploader.m; path = Worker/SKUploader.m; sourceTree = "<group>"; };
/* End PBXFileReference section */

/* Begin PBXFrameworksBuildPhase section */
		45151EC814F1129300F021AC /* Frameworks */ = {
			isa = PBXFrameworksBuildPhase;
			buildActionMask = 2147483647;
			files = (
				45151ECF14F1129300F021AC /* Foundation.framework in Frameworks */,
			);
			runOnlyForDeploymentPostprocessing = 0;
		};
		45151ED714F1129300F021AC /* Frameworks */ = {
			isa = PBXFrameworksBuildPhase;
			buildActionMask = 2147483647;
			files = (
				45151EDD14F1129300F021AC /* SenTestingKit.framework in Frameworks */,
				45151EDF14F1129300F021AC /* UIKit.framework in Frameworks */,
				45151EE014F1129300F021AC /* Foundation.framework in Frameworks */,
				45151EE314F1129300F021AC /* libSynchroKit.a in Frameworks */,
			);
			runOnlyForDeploymentPostprocessing = 0;
		};
/* End PBXFrameworksBuildPhase section */

/* Begin PBXGroup section */
		45151EC014F1129300F021AC = {
			isa = PBXGroup;
			children = (
				45151ED014F1129300F021AC /* SynchroKit */,
				4536AFD41504B77D00E5AD7E /* Supporting Files */,
				45151EE414F1129300F021AC /* SynchroKitTests */,
				45151ECD14F1129300F021AC /* Frameworks */,
				45151ECC14F1129300F021AC /* Products */,
			);
			sourceTree = "<group>";
		};
		45151ECC14F1129300F021AC /* Products */ = {
			isa = PBXGroup;
			children = (
				45151ECB14F1129300F021AC /* libSynchroKit.a */,
				45151EDB14F1129300F021AC /* SynchroKitTests.octest */,
			);
			name = Products;
			sourceTree = "<group>";
		};
		45151ECD14F1129300F021AC /* Frameworks */ = {
			isa = PBXGroup;
			children = (
				45C47C141544627200AD28E2 /* libRestKit.a */,
				45151ECE14F1129300F021AC /* Foundation.framework */,
				45151EDC14F1129300F021AC /* SenTestingKit.framework */,
				45151EDE14F1129300F021AC /* UIKit.framework */,
			);
			name = Frameworks;
			sourceTree = "<group>";
		};
		45151ED014F1129300F021AC /* SynchroKit */ = {
			isa = PBXGroup;
			children = (
				45151ED314F1129300F021AC /* SynchroKit.h */,
				45660BC614F8EBCE003858E6 /* SKObjectManager.h */,
				45660BC714F8EBCE003858E6 /* SKObjectManager.m */,
				45151F0614F11AA600F021AC /* Worker */,
				45151EF914F115D500F021AC /* Model */,
				4536AFD51504B79700E5AD7E /* Protocol */,
				45D532E115148ABC00FC1921 /* Enum */,
				45D532E41514972D00FC1921 /* Util */,
				457BC465153AC4A400B547A2 /* Delegate */,
			);
			path = SynchroKit;
			sourceTree = "<group>";
		};
		45151EE414F1129300F021AC /* SynchroKitTests */ = {
			isa = PBXGroup;
			children = (
				45151EEA14F1129300F021AC /* SynchroKitTests.h */,
				45151EEB14F1129300F021AC /* SynchroKitTests.m */,
				45151F0F14F11CD700F021AC /* SKDataDownloaderTest.h */,
				45151F1014F11CD700F021AC /* SKDataDownloaderTest.m */,
				45660BD314F8F061003858E6 /* SKObjectManagerTests.h */,
				45660BD414F8F061003858E6 /* SKObjectManagerTests.m */,
				45151EE514F1129300F021AC /* Supporting Files */,
			);
			path = SynchroKitTests;
			sourceTree = "<group>";
		};
		45151EE514F1129300F021AC /* Supporting Files */ = {
			isa = PBXGroup;
			children = (
				45151EE614F1129300F021AC /* SynchroKitTests-Info.plist */,
				45151EE714F1129300F021AC /* InfoPlist.strings */,
			);
			name = "Supporting Files";
			sourceTree = "<group>";
		};
		45151EF914F115D500F021AC /* Model */ = {
			isa = PBXGroup;
			children = (
				45151EF514F115CC00F021AC /* SKObjectDescriptor.h */,
				45151EF614F115CC00F021AC /* SKObjectDescriptor.m */,
				451524EC14FC0CB00068971B /* SKObjectConfiguration.h */,
				451524ED14FC0CB00068971B /* SKObjectConfiguration.m */,
				4586FE76150DF39600BDBA5D /* SKSweepConfiguration.h */,
				4586FE77150DF39600BDBA5D /* SKSweepConfiguration.m */,
				450B02EF1527193100923B35 /* SKCondition.h */,
				450B02F01527193100923B35 /* SKCondition.m */,
			);
			name = Model;
			sourceTree = "<group>";
		};
		45151F0614F11AA600F021AC /* Worker */ = {
			isa = PBXGroup;
			children = (
				45151F0714F11AC400F021AC /* SKDataDownloader.h */,
				45151F0814F11AC400F021AC /* SKDataDownloader.m */,
				45660BCF14F8EDD1003858E6 /* SKDataLoader.h */,
				45660BD014F8EDD1003858E6 /* SKDataLoader.m */,
				4586FE71150DE50B00BDBA5D /* SKSweeper.h */,
				4586FE72150DE50B00BDBA5D /* SKSweeper.m */,
				45F0AD5C155284F600B58D11 /* SKUploader.h */,
				45F0AD5D155284F600B58D11 /* SKUploader.m */,
			);
			name = Worker;
			sourceTree = "<group>";
		};
		4536AFD41504B77D00E5AD7E /* Supporting Files */ = {
			isa = PBXGroup;
			children = (
				45151ED214F1129300F021AC /* SynchroKit-Prefix.pch */,
			);
			name = "Supporting Files";
			path = SynchroKit;
			sourceTree = "<group>";
		};
		4536AFD51504B79700E5AD7E /* Protocol */ = {
			isa = PBXGroup;
			children = (
				4536AFD61504B7BE00E5AD7E /* UpdateDateProtocol.h */,
			);
			name = Protocol;
			sourceTree = "<group>";
		};
		457BC465153AC4A400B547A2 /* Delegate */ = {
			isa = PBXGroup;
			children = (
				457BC467153AC4EC00B547A2 /* SKObjectLoaderMultipleDelegate.h */,
				457BC468153AC4EC00B547A2 /* SKObjectLoaderMultipleDelegate.m */,
			);
			name = Delegate;
			sourceTree = "<group>";
		};
		45D532E115148ABC00FC1921 /* Enum */ = {
			isa = PBXGroup;
			children = (
				450B02EA1527186000923B35 /* SKOperator.h */,
				452583D714F9087B008371F0 /* SKSynchronizationStrategy.h */,
				45D532E315148B0B00FC1921 /* SKSweepingStrategy.h */,
			);
			name = Enum;
			sourceTree = "<group>";
		};
		45D532E41514972D00FC1921 /* Util */ = {
			isa = PBXGroup;
			children = (
				45D532E51514976100FC1921 /* SKObjectDescriptorsSearcher.h */,
				45D532E61514976100FC1921 /* SKObjectDescriptorsSearcher.m */,
			);
			name = Util;
			sourceTree = "<group>";
		};
/* End PBXGroup section */

/* Begin PBXHeadersBuildPhase section */
		45151EC914F1129300F021AC /* Headers */ = {
			isa = PBXHeadersBuildPhase;
			buildActionMask = 2147483647;
			files = (
				45151EF714F115CC00F021AC /* SKObjectDescriptor.h in Headers */,
				45151F0914F11AC400F021AC /* SKDataDownloader.h in Headers */,
				45151F1114F11CD700F021AC /* SKDataDownloaderTest.h in Headers */,
				45660BC814F8EBCE003858E6 /* SKObjectManager.h in Headers */,
				45660BD114F8EDD1003858E6 /* SKDataLoader.h in Headers */,
				45660BD514F8F062003858E6 /* SKObjectManagerTests.h in Headers */,
				452583D814F9087B008371F0 /* SKSynchronizationStrategy.h in Headers */,
				451524EE14FC0CB00068971B /* SKObjectConfiguration.h in Headers */,
				4536AFD71504B7BE00E5AD7E /* UpdateDateProtocol.h in Headers */,
				4586FE73150DE50B00BDBA5D /* SKSweeper.h in Headers */,
				4586FE78150DF39600BDBA5D /* SKSweepConfiguration.h in Headers */,
				45D532E71514976100FC1921 /* SKObjectDescriptorsSearcher.h in Headers */,
				450B02EC1527186000923B35 /* SKOperator.h in Headers */,
				450B02F11527193100923B35 /* SKCondition.h in Headers */,
				457BC469153AC4EC00B547A2 /* SKObjectLoaderMultipleDelegate.h in Headers */,
				45F0AD5E155284F700B58D11 /* SKUploader.h in Headers */,
			);
			runOnlyForDeploymentPostprocessing = 0;
		};
/* End PBXHeadersBuildPhase section */

/* Begin PBXNativeTarget section */
		45151ECA14F1129300F021AC /* SynchroKit */ = {
			isa = PBXNativeTarget;
			buildConfigurationList = 45151EEF14F1129300F021AC /* Build configuration list for PBXNativeTarget "SynchroKit" */;
			buildPhases = (
				45151EC714F1129300F021AC /* Sources */,
				45151EC814F1129300F021AC /* Frameworks */,
				45151EC914F1129300F021AC /* Headers */,
			);
			buildRules = (
			);
			dependencies = (
			);
			name = SynchroKit;
			productName = SynchroKit;
			productReference = 45151ECB14F1129300F021AC /* libSynchroKit.a */;
			productType = "com.apple.product-type.library.static";
		};
		45151EDA14F1129300F021AC /* SynchroKitTests */ = {
			isa = PBXNativeTarget;
			buildConfigurationList = 45151EF214F1129300F021AC /* Build configuration list for PBXNativeTarget "SynchroKitTests" */;
			buildPhases = (
				45151ED614F1129300F021AC /* Sources */,
				45151ED714F1129300F021AC /* Frameworks */,
				45151ED814F1129300F021AC /* Resources */,
				45151ED914F1129300F021AC /* ShellScript */,
			);
			buildRules = (
			);
			dependencies = (
				45151EE214F1129300F021AC /* PBXTargetDependency */,
			);
			name = SynchroKitTests;
			productName = SynchroKitTests;
			productReference = 45151EDB14F1129300F021AC /* SynchroKitTests.octest */;
			productType = "com.apple.product-type.bundle";
		};
/* End PBXNativeTarget section */

/* Begin PBXProject section */
		45151EC214F1129300F021AC /* Project object */ = {
			isa = PBXProject;
			attributes = {
				LastUpgradeCheck = 0420;
				ORGANIZATIONNAME = "Kamil Burczyk";
			};
			buildConfigurationList = 45151EC514F1129300F021AC /* Build configuration list for PBXProject "SynchroKit" */;
			compatibilityVersion = "Xcode 3.2";
			developmentRegion = English;
			hasScannedForEncodings = 0;
			knownRegions = (
				en,
			);
			mainGroup = 45151EC014F1129300F021AC;
			productRefGroup = 45151ECC14F1129300F021AC /* Products */;
			projectDirPath = "";
			projectRoot = "";
			targets = (
				45151ECA14F1129300F021AC /* SynchroKit */,
				45151EDA14F1129300F021AC /* SynchroKitTests */,
			);
		};
/* End PBXProject section */

/* Begin PBXResourcesBuildPhase section */
		45151ED814F1129300F021AC /* Resources */ = {
			isa = PBXResourcesBuildPhase;
			buildActionMask = 2147483647;
			files = (
				45151EE914F1129300F021AC /* InfoPlist.strings in Resources */,
			);
			runOnlyForDeploymentPostprocessing = 0;
		};
/* End PBXResourcesBuildPhase section */

/* Begin PBXShellScriptBuildPhase section */
		45151ED914F1129300F021AC /* ShellScript */ = {
			isa = PBXShellScriptBuildPhase;
			buildActionMask = 2147483647;
			files = (
			);
			inputPaths = (
			);
			outputPaths = (
			);
			runOnlyForDeploymentPostprocessing = 0;
			shellPath = /bin/sh;
			shellScript = "# Run the unit tests in this test bundle.\n\"${SYSTEM_DEVELOPER_DIR}/Tools/RunUnitTests\"\n";
		};
/* End PBXShellScriptBuildPhase section */

/* Begin PBXSourcesBuildPhase section */
		45151EC714F1129300F021AC /* Sources */ = {
			isa = PBXSourcesBuildPhase;
			buildActionMask = 2147483647;
			files = (
				45151EF814F115CC00F021AC /* SKObjectDescriptor.m in Sources */,
				45151F0A14F11AC400F021AC /* SKDataDownloader.m in Sources */,
				45660BC914F8EBCE003858E6 /* SKObjectManager.m in Sources */,
				45660BD214F8EDD1003858E6 /* SKDataLoader.m in Sources */,
				451524EF14FC0CB00068971B /* SKObjectConfiguration.m in Sources */,
				4586FE74150DE50B00BDBA5D /* SKSweeper.m in Sources */,
				4586FE79150DF39600BDBA5D /* SKSweepConfiguration.m in Sources */,
				45D532E81514976100FC1921 /* SKObjectDescriptorsSearcher.m in Sources */,
				450B02F21527193100923B35 /* SKCondition.m in Sources */,
				457BC46A153AC4EC00B547A2 /* SKObjectLoaderMultipleDelegate.m in Sources */,
				45F0AD5F155284F700B58D11 /* SKUploader.m in Sources */,
			);
			runOnlyForDeploymentPostprocessing = 0;
		};
		45151ED614F1129300F021AC /* Sources */ = {
			isa = PBXSourcesBuildPhase;
			buildActionMask = 2147483647;
			files = (
				45660BD714F8F077003858E6 /* SKObjectManagerTests.m in Sources */,
				45151EEC14F1129300F021AC /* SynchroKitTests.m in Sources */,
				45151F1314F11E5900F021AC /* SKDataDownloaderTest.m in Sources */,
			);
			runOnlyForDeploymentPostprocessing = 0;
		};
/* End PBXSourcesBuildPhase section */

/* Begin PBXTargetDependency section */
		45151EE214F1129300F021AC /* PBXTargetDependency */ = {
			isa = PBXTargetDependency;
			target = 45151ECA14F1129300F021AC /* SynchroKit */;
			targetProxy = 45151EE114F1129300F021AC /* PBXContainerItemProxy */;
		};
/* End PBXTargetDependency section */

/* Begin PBXVariantGroup section */
		45151EE714F1129300F021AC /* InfoPlist.strings */ = {
			isa = PBXVariantGroup;
			children = (
				45151EE814F1129300F021AC /* en */,
			);
			name = InfoPlist.strings;
			sourceTree = "<group>";
		};
/* End PBXVariantGroup section */

/* Begin XCBuildConfiguration section */
		45151EED14F1129300F021AC /* Debug */ = {
			isa = XCBuildConfiguration;
			buildSettings = {
				ALWAYS_SEARCH_USER_PATHS = NO;
				ARCHS = "$(ARCHS_STANDARD_32_BIT)";
				COPY_PHASE_STRIP = NO;
				GCC_C_LANGUAGE_STANDARD = gnu99;
				GCC_DYNAMIC_NO_PIC = NO;
				GCC_OPTIMIZATION_LEVEL = 0;
				GCC_PREPROCESSOR_DEFINITIONS = (
					"DEBUG=1",
					"$(inherited)",
				);
				GCC_SYMBOLS_PRIVATE_EXTERN = NO;
				GCC_VERSION = com.apple.compilers.llvm.clang.1_0;
				GCC_WARN_ABOUT_MISSING_PROTOTYPES = YES;
				GCC_WARN_ABOUT_RETURN_TYPE = YES;
				GCC_WARN_UNUSED_VARIABLE = YES;
				IPHONEOS_DEPLOYMENT_TARGET = 5.0;
				SDKROOT = iphoneos;
			};
			name = Debug;
		};
		45151EEE14F1129300F021AC /* Release */ = {
			isa = XCBuildConfiguration;
			buildSettings = {
				ALWAYS_SEARCH_USER_PATHS = NO;
				ARCHS = "$(ARCHS_STANDARD_32_BIT)";
				COPY_PHASE_STRIP = YES;
				GCC_C_LANGUAGE_STANDARD = gnu99;
				GCC_VERSION = com.apple.compilers.llvm.clang.1_0;
				GCC_WARN_ABOUT_MISSING_PROTOTYPES = YES;
				GCC_WARN_ABOUT_RETURN_TYPE = YES;
				GCC_WARN_UNUSED_VARIABLE = YES;
				IPHONEOS_DEPLOYMENT_TARGET = 5.0;
				SDKROOT = iphoneos;
				VALIDATE_PRODUCT = YES;
			};
			name = Release;
		};
		45151EF014F1129300F021AC /* Debug */ = {
			isa = XCBuildConfiguration;
			buildSettings = {
				DSTROOT = /tmp/SynchroKit.dst;
				GCC_PRECOMPILE_PREFIX_HEADER = YES;
				GCC_PREFIX_HEADER = "SynchroKit/SynchroKit-Prefix.pch";
				OTHER_LDFLAGS = "-ObjC";
				PRODUCT_NAME = "$(TARGET_NAME)";
				SKIP_INSTALL = YES;
			};
			name = Debug;
		};
		45151EF114F1129300F021AC /* Release */ = {
			isa = XCBuildConfiguration;
			buildSettings = {
				DSTROOT = /tmp/SynchroKit.dst;
				GCC_PRECOMPILE_PREFIX_HEADER = YES;
				GCC_PREFIX_HEADER = "SynchroKit/SynchroKit-Prefix.pch";
				OTHER_LDFLAGS = "-ObjC";
				PRODUCT_NAME = "$(TARGET_NAME)";
				SKIP_INSTALL = YES;
			};
			name = Release;
		};
		45151EF314F1129300F021AC /* Debug */ = {
			isa = XCBuildConfiguration;
			buildSettings = {
				FRAMEWORK_SEARCH_PATHS = (
					"$(SDKROOT)/Developer/Library/Frameworks",
					"$(DEVELOPER_LIBRARY_DIR)/Frameworks",
				);
				GCC_PRECOMPILE_PREFIX_HEADER = YES;
				GCC_PREFIX_HEADER = "SynchroKit/SynchroKit-Prefix.pch";
				INFOPLIST_FILE = "SynchroKitTests/SynchroKitTests-Info.plist";
				PRODUCT_NAME = "$(TARGET_NAME)";
				WRAPPER_EXTENSION = octest;
			};
			name = Debug;
		};
		45151EF414F1129300F021AC /* Release */ = {
			isa = XCBuildConfiguration;
			buildSettings = {
				FRAMEWORK_SEARCH_PATHS = (
					"$(SDKROOT)/Developer/Library/Frameworks",
					"$(DEVELOPER_LIBRARY_DIR)/Frameworks",
				);
				GCC_PRECOMPILE_PREFIX_HEADER = YES;
				GCC_PREFIX_HEADER = "SynchroKit/SynchroKit-Prefix.pch";
				INFOPLIST_FILE = "SynchroKitTests/SynchroKitTests-Info.plist";
				PRODUCT_NAME = "$(TARGET_NAME)";
				WRAPPER_EXTENSION = octest;
			};
			name = Release;
		};
/* End XCBuildConfiguration section */

/* Begin XCConfigurationList section */
		45151EC514F1129300F021AC /* Build configuration list for PBXProject "SynchroKit" */ = {
			isa = XCConfigurationList;
			buildConfigurations = (
				45151EED14F1129300F021AC /* Debug */,
				45151EEE14F1129300F021AC /* Release */,
			);
			defaultConfigurationIsVisible = 0;
			defaultConfigurationName = Release;
		};
		45151EEF14F1129300F021AC /* Build configuration list for PBXNativeTarget "SynchroKit" */ = {
			isa = XCConfigurationList;
			buildConfigurations = (
				45151EF014F1129300F021AC /* Debug */,
				45151EF114F1129300F021AC /* Release */,
			);
			defaultConfigurationIsVisible = 0;
			defaultConfigurationName = Release;
		};
		45151EF214F1129300F021AC /* Build configuration list for PBXNativeTarget "SynchroKitTests" */ = {
			isa = XCConfigurationList;
			buildConfigurations = (
				45151EF314F1129300F021AC /* Debug */,
				45151EF414F1129300F021AC /* Release */,
			);
			defaultConfigurationIsVisible = 0;
			defaultConfigurationName = Release;
		};
/* End XCConfigurationList section */
	};
	rootObject = 45151EC214F1129300F021AC /* Project object */;
}
